
Microsoft Visual Studio Solution File, Format Version 12.00
# Visual Studio Version 16
VisualStudioVersion = 16.0.31702.278
MinimumVisualStudioVersion = 10.0.40219.1
Project("{FAE04EC0-301F-11D3-BF4B-00C04F79EFBC}") = "Lab3WpfApp", "Lab3WpfApp\Lab3WpfApp.csproj", "{CC5CB598-07EE-4632-93F3-726F1EC18388}"
EndProject
Global
	GlobalSection(SolutionConfigurationPlatforms) = preSolution
		Debug|Any CPU = Debug|Any CPU
		Release|Any CPU = Release|Any CPU
	EndGlobalSection
	GlobalSection(ProjectConfigurationPlatforms) = postSolution
		{CC5CB598-07EE-4632-93F3-726F1EC18388}.Debug|Any CPU.ActiveCfg = Debug|Any CPU
		{CC5CB598-07EE-4632-93F3-726F1EC18388}.Debug|Any CPU.Build.0 = Debug|Any CPU
		{CC5CB598-07EE-4632-93F3-726F1EC18388}.Release|Any CPU.ActiveCfg = Release|Any CPU
		{CC5CB598-07EE-4632-93F3-726F1EC18388}.Release|Any CPU.Build.0 = Release|Any CPU
	EndGlobalSection
	GlobalSection(SolutionProperties) = preSolution
		HideSolutionNode = FALSE
	EndGlobalSection
	GlobalSection(ExtensibilityGlobals) = postSolution
		SolutionGuid = {D1DDEFC9-CD3B-4567-A48B-8F6C623914FE}
	EndGlobalSection
EndGlobal
